
Microsoft Visual Studio Solution File, Format Version 12.00
# Visual Studio 15
VisualStudioVersion = 15.0.28307.136
MinimumVisualStudioVersion = 10.0.40219.1
Project("{FAE04EC0-301F-11D3-BF4B-00C04F79EFBC}") = "Model", "Model\Model.csproj", "{DE718AA9-D1CC-4E63-9405-14CEDD487BEF}"
EndProject
Project("{FAE04EC0-301F-11D3-BF4B-00C04F79EFBC}") = "ToolSchemeMigration", "ToolSchemeMigration\ToolSchemeMigration.csproj", "{1C29EDFD-D881-4DC7-BD0D-103345320033}"
EndProject
Global
	GlobalSection(SolutionConfigurationPlatforms) = preSolution
		Debug|Any CPU = Debug|Any CPU
		Release|Any CPU = Release|Any CPU
	EndGlobalSection
	GlobalSection(ProjectConfigurationPlatforms) = postSolution
		{DE718AA9-D1CC-4E63-9405-14CEDD487BEF}.Debug|Any CPU.ActiveCfg = Debug|Any CPU
		{DE718AA9-D1CC-4E63-9405-14CEDD487BEF}.Debug|Any CPU.Build.0 = Debug|Any CPU
		{DE718AA9-D1CC-4E63-9405-14CEDD487BEF}.Release|Any CPU.ActiveCfg = Release|Any CPU
		{DE718AA9-D1CC-4E63-9405-14CEDD487BEF}.Release|Any CPU.Build.0 = Release|Any CPU
		{1C29EDFD-D881-4DC7-BD0D-103345320033}.Debug|Any CPU.ActiveCfg = Debug|Any CPU
		{1C29EDFD-D881-4DC7-BD0D-103345320033}.Debug|Any CPU.Build.0 = Debug|Any CPU
		{1C29EDFD-D881-4DC7-BD0D-103345320033}.Release|Any CPU.ActiveCfg = Release|Any CPU
		{1C29EDFD-D881-4DC7-BD0D-103345320033}.Release|Any CPU.Build.0 = Release|Any CPU
	EndGlobalSection
	GlobalSection(SolutionProperties) = preSolution
		HideSolutionNode = FALSE
	EndGlobalSection
	GlobalSection(ExtensibilityGlobals) = postSolution
		SolutionGuid = {DF2EBF79-9DC9-402A-A561-E7DDC5248755}
	EndGlobalSection
EndGlobal
